
Microsoft Visual Studio Solution File, Format Version 12.00
# Visual Studio Version 17
VisualStudioVersion = 17.5.33627.172
MinimumVisualStudioVersion = 10.0.40219.1
Project("{FAE04EC0-301F-11D3-BF4B-00C04F79EFBC}") = "Exercise3", "Exercise3\Exercise3.csproj", "{D5FC08B5-19D6-4278-A9E5-A01C21397A3B}"
EndProject
Global
	GlobalSection(SolutionConfigurationPlatforms) = preSolution
		Debug|Any CPU = Debug|Any CPU
		Release|Any CPU = Release|Any CPU
	EndGlobalSection
	GlobalSection(ProjectConfigurationPlatforms) = postSolution
		{D5FC08B5-19D6-4278-A9E5-A01C21397A3B}.Debug|Any CPU.ActiveCfg = Debug|Any CPU
		{D5FC08B5-19D6-4278-A9E5-A01C21397A3B}.Debug|Any CPU.Build.0 = Debug|Any CPU
		{D5FC08B5-19D6-4278-A9E5-A01C21397A3B}.Release|Any CPU.ActiveCfg = Release|Any CPU
		{D5FC08B5-19D6-4278-A9E5-A01C21397A3B}.Release|Any CPU.Build.0 = Release|Any CPU
	EndGlobalSection
	GlobalSection(SolutionProperties) = preSolution
		HideSolutionNode = FALSE
	EndGlobalSection
	GlobalSection(ExtensibilityGlobals) = postSolution
		SolutionGuid = {7CDDDB2E-8FB1-425B-A3D4-21C247134E8B}
	EndGlobalSection
EndGlobal
